
Microsoft Visual Studio Solution File, Format Version 12.00
# Visual Studio Version 17
VisualStudioVersion = 17.7.34024.191
MinimumVisualStudioVersion = 10.0.40219.1
Project("{FAE04EC0-301F-11D3-BF4B-00C04F79EFBC}") = "pet", "pet\pet.csproj", "{42A3A1D9-75B4-409E-AC0B-CB0E1DDCCFB7}"
EndProject
Global
	GlobalSection(SolutionConfigurationPlatforms) = preSolution
		Debug|Any CPU = Debug|Any CPU
		Release|Any CPU = Release|Any CPU
	EndGlobalSection
	GlobalSection(ProjectConfigurationPlatforms) = postSolution
		{42A3A1D9-75B4-409E-AC0B-CB0E1DDCCFB7}.Debug|Any CPU.ActiveCfg = Debug|Any CPU
		{42A3A1D9-75B4-409E-AC0B-CB0E1DDCCFB7}.Debug|Any CPU.Build.0 = Debug|Any CPU
		{42A3A1D9-75B4-409E-AC0B-CB0E1DDCCFB7}.Release|Any CPU.ActiveCfg = Release|Any CPU
		{42A3A1D9-75B4-409E-AC0B-CB0E1DDCCFB7}.Release|Any CPU.Build.0 = Release|Any CPU
	EndGlobalSection
	GlobalSection(SolutionProperties) = preSolution
		HideSolutionNode = FALSE
	EndGlobalSection
	GlobalSection(ExtensibilityGlobals) = postSolution
		SolutionGuid = {47B9F6EB-69F4-4D98-9701-DE2C227A4E4B}
	EndGlobalSection
EndGlobal
